
Microsoft Visual Studio Solution File, Format Version 12.00
# Visual Studio Version 17
VisualStudioVersion = 17.0.32112.339
MinimumVisualStudioVersion = 10.0.40219.1
Project("{FAE04EC0-301F-11D3-BF4B-00C04F79EFBC}") = "EmployeeScheduler", "EmployeeScheduler\EmployeeScheduler.csproj", "{42B9A832-5546-427A-9446-4E061FA4DD4D}"
EndProject
Global
	GlobalSection(SolutionConfigurationPlatforms) = preSolution
		Debug|Any CPU = Debug|Any CPU
		Release|Any CPU = Release|Any CPU
	EndGlobalSection
	GlobalSection(ProjectConfigurationPlatforms) = postSolution
		{42B9A832-5546-427A-9446-4E061FA4DD4D}.Debug|Any CPU.ActiveCfg = Debug|Any CPU
		{42B9A832-5546-427A-9446-4E061FA4DD4D}.Debug|Any CPU.Build.0 = Debug|Any CPU
		{42B9A832-5546-427A-9446-4E061FA4DD4D}.Release|Any CPU.ActiveCfg = Release|Any CPU
		{42B9A832-5546-427A-9446-4E061FA4DD4D}.Release|Any CPU.Build.0 = Release|Any CPU
	EndGlobalSection
	GlobalSection(SolutionProperties) = preSolution
		HideSolutionNode = FALSE
	EndGlobalSection
	GlobalSection(ExtensibilityGlobals) = postSolution
		SolutionGuid = {1743C0C2-DC57-4FAA-8DDE-332CAB02942C}
	EndGlobalSection
EndGlobal
